
Microsoft Visual Studio Solution File, Format Version 12.00
# Visual Studio Version 17
VisualStudioVersion = 17.10.35122.118
MinimumVisualStudioVersion = 10.0.40219.1
Project("{FAE04EC0-301F-11D3-BF4B-00C04F79EFBC}") = "StudentPortal.Web", "StudentPortal.Web\StudentPortal.Web.csproj", "{E3117019-333A-4E92-AFD7-8385833486C7}"
EndProject
Global
	GlobalSection(SolutionConfigurationPlatforms) = preSolution
		Debug|Any CPU = Debug|Any CPU
		Release|Any CPU = Release|Any CPU
	EndGlobalSection
	GlobalSection(ProjectConfigurationPlatforms) = postSolution
		{E3117019-333A-4E92-AFD7-8385833486C7}.Debug|Any CPU.ActiveCfg = Debug|Any CPU
		{E3117019-333A-4E92-AFD7-8385833486C7}.Debug|Any CPU.Build.0 = Debug|Any CPU
		{E3117019-333A-4E92-AFD7-8385833486C7}.Release|Any CPU.ActiveCfg = Release|Any CPU
		{E3117019-333A-4E92-AFD7-8385833486C7}.Release|Any CPU.Build.0 = Release|Any CPU
	EndGlobalSection
	GlobalSection(SolutionProperties) = preSolution
		HideSolutionNode = FALSE
	EndGlobalSection
	GlobalSection(ExtensibilityGlobals) = postSolution
		SolutionGuid = {18E4FA54-83D8-425D-9422-6406D365CC5B}
	EndGlobalSection
EndGlobal
